
Microsoft Visual Studio Solution File, Format Version 12.00
# Visual Studio 14
VisualStudioVersion = 14.0.24720.0
MinimumVisualStudioVersion = 10.0.40219.1
Project("{FAE04EC0-301F-11D3-BF4B-00C04F79EFBC}") = "WebApplication1", "WebApplication1\WebApplication1.csproj", "{5C17C8ED-B6BF-4079-82F7-B1160D180875}"
EndProject
Project("{FAE04EC0-301F-11D3-BF4B-00C04F79EFBC}") = "WebApplication1.Tests", "WebApplication1.Tests\WebApplication1.Tests.csproj", "{9DDB1555-4221-4CCC-A4D4-1ABD3495538C}"
EndProject
Global
	GlobalSection(SolutionConfigurationPlatforms) = preSolution
		Debug|Any CPU = Debug|Any CPU
		Release|Any CPU = Release|Any CPU
	EndGlobalSection
	GlobalSection(ProjectConfigurationPlatforms) = postSolution
		{5C17C8ED-B6BF-4079-82F7-B1160D180875}.Debug|Any CPU.ActiveCfg = Debug|Any CPU
		{5C17C8ED-B6BF-4079-82F7-B1160D180875}.Debug|Any CPU.Build.0 = Debug|Any CPU
		{5C17C8ED-B6BF-4079-82F7-B1160D180875}.Release|Any CPU.ActiveCfg = Release|Any CPU
		{5C17C8ED-B6BF-4079-82F7-B1160D180875}.Release|Any CPU.Build.0 = Release|Any CPU
		{9DDB1555-4221-4CCC-A4D4-1ABD3495538C}.Debug|Any CPU.ActiveCfg = Debug|Any CPU
		{9DDB1555-4221-4CCC-A4D4-1ABD3495538C}.Debug|Any CPU.Build.0 = Debug|Any CPU
		{9DDB1555-4221-4CCC-A4D4-1ABD3495538C}.Release|Any CPU.ActiveCfg = Release|Any CPU
		{9DDB1555-4221-4CCC-A4D4-1ABD3495538C}.Release|Any CPU.Build.0 = Release|Any CPU
	EndGlobalSection
	GlobalSection(SolutionProperties) = preSolution
		HideSolutionNode = FALSE
	EndGlobalSection
EndGlobal
